
Microsoft Visual Studio Solution File, Format Version 12.00
# Visual Studio Version 16
VisualStudioVersion = 16.0.29519.87
MinimumVisualStudioVersion = 10.0.40219.1
Project("{FAE04EC0-301F-11D3-BF4B-00C04F79EFBC}") = "Library Management System", "Library Management System\Library Management System.csproj", "{7AD4947D-7ECB-44E7-807E-63B46DF89E55}"
EndProject
Project("{00D1A9C2-B5F0-4AF3-8072-F6C62B433612}") = "LMSDataBase", "LMSDataBase\LMSDataBase.sqlproj", "{122457E5-C34C-4597-AAB2-A98828D9188E}"
EndProject
Global
	GlobalSection(SolutionConfigurationPlatforms) = preSolution
		Debug|Any CPU = Debug|Any CPU
		Release|Any CPU = Release|Any CPU
	EndGlobalSection
	GlobalSection(ProjectConfigurationPlatforms) = postSolution
		{7AD4947D-7ECB-44E7-807E-63B46DF89E55}.Debug|Any CPU.ActiveCfg = Debug|Any CPU
		{7AD4947D-7ECB-44E7-807E-63B46DF89E55}.Debug|Any CPU.Build.0 = Debug|Any CPU
		{7AD4947D-7ECB-44E7-807E-63B46DF89E55}.Release|Any CPU.ActiveCfg = Release|Any CPU
		{7AD4947D-7ECB-44E7-807E-63B46DF89E55}.Release|Any CPU.Build.0 = Release|Any CPU
		{122457E5-C34C-4597-AAB2-A98828D9188E}.Debug|Any CPU.ActiveCfg = Debug|Any CPU
		{122457E5-C34C-4597-AAB2-A98828D9188E}.Debug|Any CPU.Build.0 = Debug|Any CPU
		{122457E5-C34C-4597-AAB2-A98828D9188E}.Debug|Any CPU.Deploy.0 = Debug|Any CPU
		{122457E5-C34C-4597-AAB2-A98828D9188E}.Release|Any CPU.ActiveCfg = Release|Any CPU
		{122457E5-C34C-4597-AAB2-A98828D9188E}.Release|Any CPU.Build.0 = Release|Any CPU
		{122457E5-C34C-4597-AAB2-A98828D9188E}.Release|Any CPU.Deploy.0 = Release|Any CPU
	EndGlobalSection
	GlobalSection(SolutionProperties) = preSolution
		HideSolutionNode = FALSE
	EndGlobalSection
	GlobalSection(ExtensibilityGlobals) = postSolution
		SolutionGuid = {9008F8B7-4D1B-48AF-93D1-1C4C51126C9C}
	EndGlobalSection
EndGlobal
